PODS:
  - audioplayers_darwin (0.0.1):
    - Flutter
  - Flutter (1.0.0)
  - path_provider_foundation (0.0.1):
    - Flutter
    - FlutterMacOS
  - permission_handler_apple (9.1.1):
    - Flutter
  - QBGoogleWebRTC (124.0.2)
  - QuickBlox (2.20.0)
  - Quickblox-WebRTC (3.1.0):
    - QBGoogleWebRTC (>= 124.0)
    - QuickBlox (>= 2.20)
  - quickblox_sdk (0.16.2):
    - Flutter
    - QuickBlox (~> 2.20)
    - Quickblox-WebRTC (~> 3.1)

DEPENDENCIES:
  - audioplayers_darwin (from `.symlinks/plugins/audioplayers_darwin/ios`)
  - Flutter (from `Flutter`)
  - path_provider_foundation (from `.symlinks/plugins/path_provider_foundation/darwin`)
  - permission_handler_apple (from `.symlinks/plugins/permission_handler_apple/ios`)
  - quickblox_sdk (from `.symlinks/plugins/quickblox_sdk/ios`)

SPEC REPOS:
  trunk:
    - QBGoogleWebRTC
    - QuickBlox
    - Quickblox-WebRTC

EXTERNAL SOURCES:
  audioplayers_darwin:
    :path: ".symlinks/plugins/audioplayers_darwin/ios"
  Flutter:
    :path: Flutter
  path_provider_foundation:
    :path: ".symlinks/plugins/path_provider_foundation/darwin"
  permission_handler_apple:
    :path: ".symlinks/plugins/permission_handler_apple/ios"
  quickblox_sdk:
    :path: ".symlinks/plugins/quickblox_sdk/ios"

SPEC CHECKSUMS:
  audioplayers_darwin: 877d9a4d06331c5c374595e46e16453ac7eafa40
  Flutter: e0871f40cf51350855a761d2e70bf5af5b9b5de7
  path_provider_foundation: 3784922295ac71e43754bd15e0653ccfd36a147c
  permission_handler_apple: e76247795d700c14ea09e3a2d8855d41ee80a2e6
  QBGoogleWebRTC: 1391bfd075620e01512d2c334c7463c03f14467f
  QuickBlox: e3ba718b7a195a6569c3e0eb33918d9ee1014f66
  Quickblox-WebRTC: f9c4f73be00b207e88fdfc6f2b592f1deb669aec
  quickblox_sdk: d71a4523df7358b7837eac82f04f4c47294762dc

PODFILE CHECKSUM: c4c93c5f6502fe2754f48404d3594bf779584011

COCOAPODS: 1.15.2
